// !$*UTF8*$!
{
	archiveVersion = 1;
	classes = {
	};
	objectVersion = 56;
	objects = {

/* Begin PBXBuildFile section */
		8037CB7929752A1500B0ABE8 /* AppDelegate.swift in Sources */ = {isa = PBXBuildFile; fileRef = 8037CB7829752A1500B0ABE8 /* AppDelegate.swift */; };
		8037CB7B29752A1500B0ABE8 /* SceneDelegate.swift in Sources */ = {isa = PBXBuildFile; fileRef = 8037CB7A29752A1500B0ABE8 /* SceneDelegate.swift */; };
		8037CB8029752A1500B0ABE8 /* TabBar.storyboard in Resources */ = {isa = PBXBuildFile; fileRef = 8037CB7E29752A1500B0ABE8 /* TabBar.storyboard */; };
		8037CB8229752A1700B0ABE8 /* Assets.xcassets in Resources */ = {isa = PBXBuildFile; fileRef = 8037CB8129752A1700B0ABE8 /* Assets.xcassets */; };
		8037CB8529752A1700B0ABE8 /* LaunchScreen.storyboard in Resources */ = {isa = PBXBuildFile; fileRef = 8037CB8329752A1700B0ABE8 /* LaunchScreen.storyboard */; };
		8037CB9329752B1D00B0ABE8 /* TabBarController.swift in Sources */ = {isa = PBXBuildFile; fileRef = 8037CB9229752B1D00B0ABE8 /* TabBarController.swift */; };
		8037CB9729752B9100B0ABE8 /* Home.storyboard in Resources */ = {isa = PBXBuildFile; fileRef = 8037CB9629752B9100B0ABE8 /* Home.storyboard */; };
		8037CB9929752BA100B0ABE8 /* HomeViewController.swift in Sources */ = {isa = PBXBuildFile; fileRef = 8037CB9829752BA100B0ABE8 /* HomeViewController.swift */; };
		8037CB9B29752C0100B0ABE8 /* Notes.storyboard in Resources */ = {isa = PBXBuildFile; fileRef = 8037CB9A29752C0100B0ABE8 /* Notes.storyboard */; };
		8037CB9D29752C0D00B0ABE8 /* NotesViewController.swift in Sources */ = {isa = PBXBuildFile; fileRef = 8037CB9C29752C0D00B0ABE8 /* NotesViewController.swift */; };
		8037CBA129752CD400B0ABE8 /* Note.swift in Sources */ = {isa = PBXBuildFile; fileRef = 8037CBA029752CD400B0ABE8 /* Note.swift */; };
		8037CBA329752CDD00B0ABE8 /* NoteDataSource.swift in Sources */ = {isa = PBXBuildFile; fileRef = 8037CBA229752CDD00B0ABE8 /* NoteDataSource.swift */; };
		8037CBA529752CFF00B0ABE8 /* NoteCollectionViewCell.swift in Sources */ = {isa = PBXBuildFile; fileRef = 8037CBA429752CFF00B0ABE8 /* NoteCollectionViewCell.swift */; };
		8037CBA829753B4D00B0ABE8 /* ReviewNote.storyboard in Resources */ = {isa = PBXBuildFile; fileRef = 8037CBA729753B4D00B0ABE8 /* ReviewNote.storyboard */; };
		8037CBAA29753BF300B0ABE8 /* NotesReviewViewController.swift in Sources */ = {isa = PBXBuildFile; fileRef = 8037CBA929753BF300B0ABE8 /* NotesReviewViewController.swift */; };
/* End PBXBuildFile section */

/* Begin PBXFileReference section */
		8037CB7529752A1500B0ABE8 /* NotesSearchBar.app */ = {isa = PBXFileReference; explicitFileType = wrapper.application; includeInIndex = 0; path = NotesSearchBar.app; sourceTree = BUILT_PRODUCTS_DIR; };
		8037CB7829752A1500B0ABE8 /* AppDelegate.swift */ = {isa = PBXFileReference; lastKnownFileType = sourcecode.swift; path = AppDelegate.swift; sourceTree = "<group>"; };
		8037CB7A29752A1500B0ABE8 /* SceneDelegate.swift */ = {isa = PBXFileReference; lastKnownFileType = sourcecode.swift; path = SceneDelegate.swift; sourceTree = "<group>"; };
		8037CB7F29752A1500B0ABE8 /* Base */ = {isa = PBXFileReference; lastKnownFileType = file.storyboard; name = Base; path = Base.lproj/TabBar.storyboard; sourceTree = "<group>"; };
		8037CB8129752A1700B0ABE8 /* Assets.xcassets */ = {isa = PBXFileReference; lastKnownFileType = folder.assetcatalog; path = Assets.xcassets; sourceTree = "<group>"; };
		8037CB8429752A1700B0ABE8 /* Base */ = {isa = PBXFileReference; lastKnownFileType = file.storyboard; name = Base; path = Base.lproj/LaunchScreen.storyboard; sourceTree = "<group>"; };
		8037CB8629752A1700B0ABE8 /* Info.plist */ = {isa = PBXFileReference; lastKnownFileType = text.plist.xml; path = Info.plist; sourceTree = "<group>"; };
		8037CB9229752B1D00B0ABE8 /* TabBarController.swift */ = {isa = PBXFileReference; lastKnownFileType = sourcecode.swift; path = TabBarController.swift; sourceTree = "<group>"; };
		8037CB9629752B9100B0ABE8 /* Home.storyboard */ = {isa = PBXFileReference; lastKnownFileType = file.storyboard; path = Home.storyboard; sourceTree = "<group>"; };
		8037CB9829752BA100B0ABE8 /* HomeViewController.swift */ = {isa = PBXFileReference; lastKnownFileType = sourcecode.swift; path = HomeViewController.swift; sourceTree = "<group>"; };
		8037CB9A29752C0100B0ABE8 /* Notes.storyboard */ = {isa = PBXFileReference; lastKnownFileType = file.storyboard; path = Notes.storyboard; sourceTree = "<group>"; };
		8037CB9C29752C0D00B0ABE8 /* NotesViewController.swift */ = {isa = PBXFileReference; lastKnownFileType = sourcecode.swift; path = NotesViewController.swift; sourceTree = "<group>"; };
		8037CBA029752CD400B0ABE8 /* Note.swift */ = {isa = PBXFileReference; lastKnownFileType = sourcecode.swift; path = Note.swift; sourceTree = "<group>"; };
		8037CBA229752CDD00B0ABE8 /* NoteDataSource.swift */ = {isa = PBXFileReference; lastKnownFileType = sourcecode.swift; path = NoteDataSource.swift; sourceTree = "<group>"; };
		8037CBA429752CFF00B0ABE8 /* NoteCollectionViewCell.swift */ = {isa = PBXFileReference; lastKnownFileType = sourcecode.swift; path = NoteCollectionViewCell.swift; sourceTree = "<group>"; };
		8037CBA729753B4D00B0ABE8 /* ReviewNote.storyboard */ = {isa = PBXFileReference; lastKnownFileType = file.storyboard; path = ReviewNote.storyboard; sourceTree = "<group>"; };
		8037CBA929753BF300B0ABE8 /* NotesReviewViewController.swift */ = {isa = PBXFileReference; lastKnownFileType = sourcecode.swift; path = NotesReviewViewController.swift; sourceTree = "<group>"; };
/* End PBXFileReference section */

/* Begin PBXFrameworksBuildPhase section */
		8037CB7229752A1500B0ABE8 /* Frameworks */ = {
			isa = PBXFrameworksBuildPhase;
			buildActionMask = 2147483647;
			files = (
			);
			runOnlyForDeploymentPostprocessing = 0;
		};
/* End PBXFrameworksBuildPhase section */

/* Begin PBXGroup section */
		8037CB6C29752A1500B0ABE8 = {
			isa = PBXGroup;
			children = (
				8037CB7729752A1500B0ABE8 /* NotesSearchBar */,
				8037CB7629752A1500B0ABE8 /* Products */,
			);
			sourceTree = "<group>";
		};
		8037CB7629752A1500B0ABE8 /* Products */ = {
			isa = PBXGroup;
			children = (
				8037CB7529752A1500B0ABE8 /* NotesSearchBar.app */,
			);
			name = Products;
			sourceTree = "<group>";
		};
		8037CB7729752A1500B0ABE8 /* NotesSearchBar */ = {
			isa = PBXGroup;
			children = (
				8037CB8C29752A9E00B0ABE8 /* App */,
				8037CB8D29752AA500B0ABE8 /* Scenes */,
				8037CB9029752AC700B0ABE8 /* Resources */,
				8037CB9129752ACC00B0ABE8 /* SupportingFiles */,
			);
			path = NotesSearchBar;
			sourceTree = "<group>";
		};
		8037CB8C29752A9E00B0ABE8 /* App */ = {
			isa = PBXGroup;
			children = (
				8037CB7829752A1500B0ABE8 /* AppDelegate.swift */,
				8037CB7A29752A1500B0ABE8 /* SceneDelegate.swift */,
			);
			path = App;
			sourceTree = "<group>";
		};
		8037CB8D29752AA500B0ABE8 /* Scenes */ = {
			isa = PBXGroup;
			children = (
				8037CBA629753B3100B0ABE8 /* NotesReviewPage */,
				8037CB8E29752AAC00B0ABE8 /* Launch */,
				8037CB8F29752AB200B0ABE8 /* TabBar */,
				8037CB9429752B6600B0ABE8 /* HomePage */,
				8037CB9529752B6F00B0ABE8 /* NotesPage */,
				8037CB9F29752CB800B0ABE8 /* NoteCollectionViewCell  */,
				8037CB9E29752CAF00B0ABE8 /* Model */,
			);
			path = Scenes;
			sourceTree = "<group>";
		};
		8037CB8E29752AAC00B0ABE8 /* Launch */ = {
			isa = PBXGroup;
			children = (
				8037CB8329752A1700B0ABE8 /* LaunchScreen.storyboard */,
			);
			path = Launch;
			sourceTree = "<group>";
		};
		8037CB8F29752AB200B0ABE8 /* TabBar */ = {
			isa = PBXGroup;
			children = (
				8037CB7E29752A1500B0ABE8 /* TabBar.storyboard */,
				8037CB9229752B1D00B0ABE8 /* TabBarController.swift */,
			);
			path = TabBar;
			sourceTree = "<group>";
		};
		8037CB9029752AC700B0ABE8 /* Resources */ = {
			isa = PBXGroup;
			children = (
				8037CB8129752A1700B0ABE8 /* Assets.xcassets */,
			);
			path = Resources;
			sourceTree = "<group>";
		};
		8037CB9129752ACC00B0ABE8 /* SupportingFiles */ = {
			isa = PBXGroup;
			children = (
				8037CB8629752A1700B0ABE8 /* Info.plist */,
			);
			path = SupportingFiles;
			sourceTree = "<group>";
		};
		8037CB9429752B6600B0ABE8 /* HomePage */ = {
			isa = PBXGroup;
			children = (
				8037CB9629752B9100B0ABE8 /* Home.storyboard */,
				8037CB9829752BA100B0ABE8 /* HomeViewController.swift */,
			);
			path = HomePage;
			sourceTree = "<group>";
		};
		8037CB9529752B6F00B0ABE8 /* NotesPage */ = {
			isa = PBXGroup;
			children = (
				8037CB9A29752C0100B0ABE8 /* Notes.storyboard */,
				8037CB9C29752C0D00B0ABE8 /* NotesViewController.swift */,
			);
			path = NotesPage;
			sourceTree = "<group>";
		};
		8037CB9E29752CAF00B0ABE8 /* Model */ = {
			isa = PBXGroup;
			children = (
				8037CBA029752CD400B0ABE8 /* Note.swift */,
				8037CBA229752CDD00B0ABE8 /* NoteDataSource.swift */,
			);
			path = Model;
			sourceTree = "<group>";
		};
		8037CB9F29752CB800B0ABE8 /* NoteCollectionViewCell  */ = {
			isa = PBXGroup;
			children = (
				8037CBA429752CFF00B0ABE8 /* NoteCollectionViewCell.swift */,
			);
			path = "NoteCollectionViewCell ";
			sourceTree = "<group>";
		};
		8037CBA629753B3100B0ABE8 /* NotesReviewPage */ = {
			isa = PBXGroup;
			children = (
				8037CBA729753B4D00B0ABE8 /* ReviewNote.storyboard */,
				8037CBA929753BF300B0ABE8 /* NotesReviewViewController.swift */,
			);
			path = NotesReviewPage;
			sourceTree = "<group>";
		};
/* End PBXGroup section */

/* Begin PBXNativeTarget section */
		8037CB7429752A1500B0ABE8 /* NotesSearchBar */ = {
			isa = PBXNativeTarget;
			buildConfigurationList = 8037CB8929752A1700B0ABE8 /* Build configuration list for PBXNativeTarget "NotesSearchBar" */;
			buildPhases = (
				8037CB7129752A1500B0ABE8 /* Sources */,
				8037CB7229752A1500B0ABE8 /* Frameworks */,
				8037CB7329752A1500B0ABE8 /* Resources */,
			);
			buildRules = (
			);
			dependencies = (
			);
			name = NotesSearchBar;
			productName = NotesSearchBar;
			productReference = 8037CB7529752A1500B0ABE8 /* NotesSearchBar.app */;
			productType = "com.apple.product-type.application";
		};
/* End PBXNativeTarget section */

/* Begin PBXProject section */
		8037CB6D29752A1500B0ABE8 /* Project object */ = {
			isa = PBXProject;
			attributes = {
				BuildIndependentTargetsInParallel = 1;
				LastSwiftUpdateCheck = 1420;
				LastUpgradeCheck = 1420;
				TargetAttributes = {
					8037CB7429752A1500B0ABE8 = {
						CreatedOnToolsVersion = 14.2;
					};
				};
			};
			buildConfigurationList = 8037CB7029752A1500B0ABE8 /* Build configuration list for PBXProject "NotesSearchBar" */;
			compatibilityVersion = "Xcode 14.0";
			developmentRegion = en;
			hasScannedForEncodings = 0;
			knownRegions = (
				en,
				Base,
			);
			mainGroup = 8037CB6C29752A1500B0ABE8;
			productRefGroup = 8037CB7629752A1500B0ABE8 /* Products */;
			projectDirPath = "";
			projectRoot = "";
			targets = (
				8037CB7429752A1500B0ABE8 /* NotesSearchBar */,
			);
		};
/* End PBXProject section */

/* Begin PBXResourcesBuildPhase section */
		8037CB7329752A1500B0ABE8 /* Resources */ = {
			isa = PBXResourcesBuildPhase;
			buildActionMask = 2147483647;
			files = (
				8037CBA829753B4D00B0ABE8 /* ReviewNote.storyboard in Resources */,
				8037CB8529752A1700B0ABE8 /* LaunchScreen.storyboard in Resources */,
				8037CB8229752A1700B0ABE8 /* Assets.xcassets in Resources */,
				8037CB9B29752C0100B0ABE8 /* Notes.storyboard in Resources */,
				8037CB8029752A1500B0ABE8 /* TabBar.storyboard in Resources */,
				8037CB9729752B9100B0ABE8 /* Home.storyboard in Resources */,
			);
			runOnlyForDeploymentPostprocessing = 0;
		};
/* End PBXResourcesBuildPhase section */

/* Begin PBXSourcesBuildPhase section */
		8037CB7129752A1500B0ABE8 /* Sources */ = {
			isa = PBXSourcesBuildPhase;
			buildActionMask = 2147483647;
			files = (
				8037CB9329752B1D00B0ABE8 /* TabBarController.swift in Sources */,
				8037CB9D29752C0D00B0ABE8 /* NotesViewController.swift in Sources */,
				8037CB7929752A1500B0ABE8 /* AppDelegate.swift in Sources */,
				8037CBAA29753BF300B0ABE8 /* NotesReviewViewController.swift in Sources */,
				8037CB7B29752A1500B0ABE8 /* SceneDelegate.swift in Sources */,
				8037CBA529752CFF00B0ABE8 /* NoteCollectionViewCell.swift in Sources */,
				8037CBA329752CDD00B0ABE8 /* NoteDataSource.swift in Sources */,
				8037CB9929752BA100B0ABE8 /* HomeViewController.swift in Sources */,
				8037CBA129752CD400B0ABE8 /* Note.swift in Sources */,
			);
			runOnlyForDeploymentPostprocessing = 0;
		};
/* End PBXSourcesBuildPhase section */

/* Begin PBXVariantGroup section */
		8037CB7E29752A1500B0ABE8 /* TabBar.storyboard */ = {
			isa = PBXVariantGroup;
			children = (
				8037CB7F29752A1500B0ABE8 /* Base */,
			);
			name = TabBar.storyboard;
			sourceTree = "<group>";
		};
		8037CB8329752A1700B0ABE8 /* LaunchScreen.storyboard */ = {
			isa = PBXVariantGroup;
			children = (
				8037CB8429752A1700B0ABE8 /* Base */,
			);
			name = LaunchScreen.storyboard;
			sourceTree = "<group>";
		};
/* End PBXVariantGroup section */

/* Begin XCBuildConfiguration section */
		8037CB8729752A1700B0ABE8 /* Debug */ = {
			isa = XCBuildConfiguration;
			buildSettings = {
				ALWAYS_SEARCH_USER_PATHS = NO;
				CLANG_ANALYZER_NONNULL = YES;
				CLANG_ANALYZER_NUMBER_OBJECT_CONVERSION = YES_AGGRESSIVE;
				CLANG_CXX_LANGUAGE_STANDARD = "gnu++20";
				CLANG_ENABLE_MODULES = YES;
				CLANG_ENABLE_OBJC_ARC = YES;
				CLANG_ENABLE_OBJC_WEAK = YES;
				CLANG_WARN_BLOCK_CAPTURE_AUTORELEASING = YES;
				CLANG_WARN_BOOL_CONVERSION = YES;
				CLANG_WARN_COMMA = YES;
				CLANG_WARN_CONSTANT_CONVERSION = YES;
				CLANG_WARN_DEPRECATED_OBJC_IMPLEMENTATIONS = YES;
				CLANG_WARN_DIRECT_OBJC_ISA_USAGE = YES_ERROR;
				CLANG_WARN_DOCUMENTATION_COMMENTS = YES;
				CLANG_WARN_EMPTY_BODY = YES;
				CLANG_WARN_ENUM_CONVERSION = YES;
				CLANG_WARN_INFINITE_RECURSION = YES;
				CLANG_WARN_INT_CONVERSION = YES;
				CLANG_WARN_NON_LITERAL_NULL_CONVERSION = YES;
				CLANG_WARN_OBJC_IMPLICIT_RETAIN_SELF = YES;
				CLANG_WARN_OBJC_LITERAL_CONVERSION = YES;
				CLANG_WARN_OBJC_ROOT_CLASS = YES_ERROR;
				CLANG_WARN_QUOTED_INCLUDE_IN_FRAMEWORK_HEADER = YES;
				CLANG_WARN_RANGE_LOOP_ANALYSIS = YES;
				CLANG_WARN_STRICT_PROTOTYPES = YES;
				CLANG_WARN_SUSPICIOUS_MOVE = YES;
				CLANG_WARN_UNGUARDED_AVAILABILITY = YES_AGGRESSIVE;
				CLANG_WARN_UNREACHABLE_CODE = YES;
				CLANG_WARN__DUPLICATE_METHOD_MATCH = YES;
				COPY_PHASE_STRIP = NO;
				DEBUG_INFORMATION_FORMAT = dwarf;
				ENABLE_STRICT_OBJC_MSGSEND = YES;
				ENABLE_TESTABILITY = YES;
				GCC_C_LANGUAGE_STANDARD = gnu11;
				GCC_DYNAMIC_NO_PIC = NO;
				GCC_NO_COMMON_BLOCKS = YES;
				GCC_OPTIMIZATION_LEVEL = 0;
				GCC_PREPROCESSOR_DEFINITIONS = (
					"DEBUG=1",
					"$(inherited)",
				);
				GCC_WARN_64_TO_32_BIT_CONVERSION = YES;
				GCC_WARN_ABOUT_RETURN_TYPE = YES_ERROR;
				GCC_WARN_UNDECLARED_SELECTOR = YES;
				GCC_WARN_UNINITIALIZED_AUTOS = YES_AGGRESSIVE;
				GCC_WARN_UNUSED_FUNCTION = YES;
				GCC_WARN_UNUSED_VARIABLE = YES;
				IPHONEOS_DEPLOYMENT_TARGET = 16.2;
				MTL_ENABLE_DEBUG_INFO = INCLUDE_SOURCE;
				MTL_FAST_MATH = YES;
				ONLY_ACTIVE_ARCH = YES;
				SDKROOT = iphoneos;
				SWIFT_ACTIVE_COMPILATION_CONDITIONS = DEBUG;
				SWIFT_OPTIMIZATION_LEVEL = "-Onone";
			};
			name = Debug;
		};
		8037CB8829752A1700B0ABE8 /* Release */ = {
			isa = XCBuildConfiguration;
			buildSettings = {
				ALWAYS_SEARCH_USER_PATHS = NO;
				CLANG_ANALYZER_NONNULL = YES;
				CLANG_ANALYZER_NUMBER_OBJECT_CONVERSION = YES_AGGRESSIVE;
				CLANG_CXX_LANGUAGE_STANDARD = "gnu++20";
				CLANG_ENABLE_MODULES = YES;
				CLANG_ENABLE_OBJC_ARC = YES;
				CLANG_ENABLE_OBJC_WEAK = YES;
				CLANG_WARN_BLOCK_CAPTURE_AUTORELEASING = YES;
				CLANG_WARN_BOOL_CONVERSION = YES;
				CLANG_WARN_COMMA = YES;
				CLANG_WARN_CONSTANT_CONVERSION = YES;
				CLANG_WARN_DEPRECATED_OBJC_IMPLEMENTATIONS = YES;
				CLANG_WARN_DIRECT_OBJC_ISA_USAGE = YES_ERROR;
				CLANG_WARN_DOCUMENTATION_COMMENTS = YES;
				CLANG_WARN_EMPTY_BODY = YES;
				CLANG_WARN_ENUM_CONVERSION = YES;
				CLANG_WARN_INFINITE_RECURSION = YES;
				CLANG_WARN_INT_CONVERSION = YES;
				CLANG_WARN_NON_LITERAL_NULL_CONVERSION = YES;
				CLANG_WARN_OBJC_IMPLICIT_RETAIN_SELF = YES;
				CLANG_WARN_OBJC_LITERAL_CONVERSION = YES;
				CLANG_WARN_OBJC_ROOT_CLASS = YES_ERROR;
				CLANG_WARN_QUOTED_INCLUDE_IN_FRAMEWORK_HEADER = YES;
				CLANG_WARN_RANGE_LOOP_ANALYSIS = YES;
				CLANG_WARN_STRICT_PROTOTYPES = YES;
				CLANG_WARN_SUSPICIOUS_MOVE = YES;
				CLANG_WARN_UNGUARDED_AVAILABILITY = YES_AGGRESSIVE;
				CLANG_WARN_UNREACHABLE_CODE = YES;
				CLANG_WARN__DUPLICATE_METHOD_MATCH = YES;
				COPY_PHASE_STRIP = NO;
				DEBUG_INFORMATION_FORMAT = "dwarf-with-dsym";
				ENABLE_NS_ASSERTIONS = NO;
				ENABLE_STRICT_OBJC_MSGSEND = YES;
				GCC_C_LANGUAGE_STANDARD = gnu11;
				GCC_NO_COMMON_BLOCKS = YES;
				GCC_WARN_64_TO_32_BIT_CONVERSION = YES;
				GCC_WARN_ABOUT_RETURN_TYPE = YES_ERROR;
				GCC_WARN_UNDECLARED_SELECTOR = YES;
				GCC_WARN_UNINITIALIZED_AUTOS = YES_AGGRESSIVE;
				GCC_WARN_UNUSED_FUNCTION = YES;
				GCC_WARN_UNUSED_VARIABLE = YES;
				IPHONEOS_DEPLOYMENT_TARGET = 16.2;
				MTL_ENABLE_DEBUG_INFO = NO;
				MTL_FAST_MATH = YES;
				SDKROOT = iphoneos;
				SWIFT_COMPILATION_MODE = wholemodule;
				SWIFT_OPTIMIZATION_LEVEL = "-O";
				VALIDATE_PRODUCT = YES;
			};
			name = Release;
		};
		8037CB8A29752A1700B0ABE8 /* Debug */ = {
			isa = XCBuildConfiguration;
			buildSettings = {
				ASSETCATALOG_COMPILER_APPICON_NAME = AppIcon;
				ASSETCATALOG_COMPILER_GLOBAL_ACCENT_COLOR_NAME = AccentColor;
				CODE_SIGN_STYLE = Automatic;
				CURRENT_PROJECT_VERSION = 1;
				GENERATE_INFOPLIST_FILE = YES;
				INFOPLIST_FILE = NotesSearchBar/SupportingFiles/Info.plist;
				INFOPLIST_KEY_UIApplicationSupportsIndirectInputEvents = YES;
				INFOPLIST_KEY_UILaunchStoryboardName = LaunchScreen;
				INFOPLIST_KEY_UIMainStoryboardFile = TabBar;
				INFOPLIST_KEY_UISupportedInterfaceOrientations_iPad = "UIInterfaceOrientationPortrait UIInterfaceOrientationPortraitUpsideDown UIInterfaceOrientationLandscapeLeft UIInterfaceOrientationLandscapeRight";
				INFOPLIST_KEY_UISupportedInterfaceOrientations_iPhone = "UIInterfaceOrientationPortrait UIInterfaceOrientationLandscapeLeft UIInterfaceOrientationLandscapeRight";
				LD_RUNPATH_SEARCH_PATHS = (
					"$(inherited)",
					"@executable_path/Frameworks",
				);
				MARKETING_VERSION = 1.0;
				PRODUCT_BUNDLE_IDENTIFIER = Freelance.NotesSearchBar;
				PRODUCT_NAME = "$(TARGET_NAME)";
				SWIFT_EMIT_LOC_STRINGS = YES;
				SWIFT_VERSION = 5.0;
				TARGETED_DEVICE_FAMILY = "1,2";
			};
			name = Debug;
		};
		8037CB8B29752A1700B0ABE8 /* Release */ = {
			isa = XCBuildConfiguration;
			buildSettings = {
				ASSETCATALOG_COMPILER_APPICON_NAME = AppIcon;
				ASSETCATALOG_COMPILER_GLOBAL_ACCENT_COLOR_NAME = AccentColor;
				CODE_SIGN_STYLE = Automatic;
				CURRENT_PROJECT_VERSION = 1;
				GENERATE_INFOPLIST_FILE = YES;
				INFOPLIST_FILE = NotesSearchBar/SupportingFiles/Info.plist;
				INFOPLIST_KEY_UIApplicationSupportsIndirectInputEvents = YES;
				INFOPLIST_KEY_UILaunchStoryboardName = LaunchScreen;
				INFOPLIST_KEY_UIMainStoryboardFile = TabBar;
				INFOPLIST_KEY_UISupportedInterfaceOrientations_iPad = "UIInterfaceOrientationPortrait UIInterfaceOrientationPortraitUpsideDown UIInterfaceOrientationLandscapeLeft UIInterfaceOrientationLandscapeRight";
				INFOPLIST_KEY_UISupportedInterfaceOrientations_iPhone = "UIInterfaceOrientationPortrait UIInterfaceOrientationLandscapeLeft UIInterfaceOrientationLandscapeRight";
				LD_RUNPATH_SEARCH_PATHS = (
					"$(inherited)",
					"@executable_path/Frameworks",
				);
				MARKETING_VERSION = 1.0;
				PRODUCT_BUNDLE_IDENTIFIER = Freelance.NotesSearchBar;
				PRODUCT_NAME = "$(TARGET_NAME)";
				SWIFT_EMIT_LOC_STRINGS = YES;
				SWIFT_VERSION = 5.0;
				TARGETED_DEVICE_FAMILY = "1,2";
			};
			name = Release;
		};
/* End XCBuildConfiguration section */

/* Begin XCConfigurationList section */
		8037CB7029752A1500B0ABE8 /* Build configuration list for PBXProject "NotesSearchBar" */ = {
			isa = XCConfigurationList;
			buildConfigurations = (
				8037CB8729752A1700B0ABE8 /* Debug */,
				8037CB8829752A1700B0ABE8 /* Release */,
			);
			defaultConfigurationIsVisible = 0;
			defaultConfigurationName = Release;
		};
		8037CB8929752A1700B0ABE8 /* Build configuration list for PBXNativeTarget "NotesSearchBar" */ = {
			isa = XCConfigurationList;
			buildConfigurations = (
				8037CB8A29752A1700B0ABE8 /* Debug */,
				8037CB8B29752A1700B0ABE8 /* Release */,
			);
			defaultConfigurationIsVisible = 0;
			defaultConfigurationName = Release;
		};
/* End XCConfigurationList section */
	};
	rootObject = 8037CB6D29752A1500B0ABE8 /* Project object */;
}
